<?xml version="1.0" encoding="utf-8"?>
<Project ToolsVersion="4.0" xmlns="http://schemas.microsoft.com/developer/msbuild/2003">
  <ItemGroup>
    <Filter Include="Source Files">
      <UniqueIdentifier>{4FC737F1-C7A5-4376-A066-2A32D752A2FF}</UniqueIdentifier>
      <Extensions>cpp;c;cc;cxx;def;odl;idl;hpj;bat;asm;asmx</Extensions>
    </Filter>
    <Filter Include="Header Files">
      <UniqueIdentifier>{93995380-89BD-4b04-88EB-625FBE52EBFB}</UniqueIdentifier>
      <Extensions>h;hh;hpp;hxx;hm;inl;inc;xsd</Extensions>
    </Filter>
    <Filter Include="Resource Files">
      <UniqueIdentifier>{67DA6AB6-F800-4c08-8B7A-83BB121AAD01}</UniqueIdentifier>
      <Extensions>rc;ico;cur;bmp;dlg;rc2;rct;bin;rgs;gif;jpg;jpeg;jpe;resx;tiff;tif;png;wav</Extensions>
    </Filter>
  </ItemGroup>
  <ItemGroup>
    <ClCompile Include="..\src\cros_api.c">
      <Filter>Source Files</Filter>
    </ClCompile>
    <ClCompile Include="..\src\cros_api_call.c">
      <Filter>Source Files</Filter>
    </ClCompile>
    <ClCompile Include="..\src\cros_clock.c">
      <Filter>Source Files</Filter>
    </ClCompile>
    <ClCompile Include="..\src\cros_err_codes.c">
      <Filter>Source Files</Filter>
    </ClCompile>
    <ClCompile Include="..\src\cros_gentools.c">
      <Filter>Source Files</Filter>
    </ClCompile>
    <ClCompile Include="..\src\cros_log.c">
      <Filter>Source Files</Filter>
    </ClCompile>
    <ClCompile Include="..\src\cros_message.c">
      <Filter>Source Files</Filter>
    </ClCompile>
    <ClCompile Include="..\src\cros_message_queue.c">
      <Filter>Source Files</Filter>
    </ClCompile>
    <ClCompile Include="..\src\cros_node.c">
      <Filter>Source Files</Filter>
    </ClCompile>
    <ClCompile Include="..\src\cros_node_api.c">
      <Filter>Source Files</Filter>
    </ClCompile>
    <ClCompile Include="..\src\cros_service.c">
      <Filter>Source Files</Filter>
    </ClCompile>
    <ClCompile Include="..\src\cros_tcpros.c">
      <Filter>Source Files</Filter>
    </ClCompile>
    <ClCompile Include="..\src\dyn_buffer.c">
      <Filter>Source Files</Filter>
    </ClCompile>
    <ClCompile Include="..\src\dyn_string.c">
      <Filter>Source Files</Filter>
    </ClCompile>
    <ClCompile Include="..\src\md5.c">
      <Filter>Source Files</Filter>
    </ClCompile>
    <ClCompile Include="..\src\tcpip_socket.c">
      <Filter>Source Files</Filter>
    </ClCompile>
    <ClCompile Include="..\src\tcpros_process.c">
      <Filter>Source Files</Filter>
    </ClCompile>
    <ClCompile Include="..\src\xmlrpc_params.c">
      <Filter>Source Files</Filter>
    </ClCompile>
    <ClCompile Include="..\src\xmlrpc_params_vector.c">
      <Filter>Source Files</Filter>
    </ClCompile>
    <ClCompile Include="..\src\xmlrpc_process.c">
      <Filter>Source Files</Filter>
    </ClCompile>
    <ClCompile Include="..\src\xmlrpc_protocol.c">
      <Filter>Source Files</Filter>
    </ClCompile>
  </ItemGroup>
  <ItemGroup>
    <ClInclude Include="..\include\cros.h">
      <Filter>Header Files</Filter>
    </ClInclude>
    <ClInclude Include="..\include\cros_api.h">
      <Filter>Header Files</Filter>
    </ClInclude>
    <ClInclude Include="..\include\cros_api_call.h">
      <Filter>Header Files</Filter>
    </ClInclude>
    <ClInclude Include="..\include\cros_api_internal.h">
      <Filter>Header Files</Filter>
    </ClInclude>
    <ClInclude Include="..\include\cros_clock.h">
      <Filter>Header Files</Filter>
    </ClInclude>
    <ClInclude Include="..\include\cros_defs.h">
      <Filter>Header Files</Filter>
    </ClInclude>
    <ClInclude Include="..\include\cros_err_codes.h">
      <Filter>Header Files</Filter>
    </ClInclude>
    <ClInclude Include="..\include\cros_gentools.h">
      <Filter>Header Files</Filter>
    </ClInclude>
    <ClInclude Include="..\include\cros_log.h">
      <Filter>Header Files</Filter>
    </ClInclude>
    <ClInclude Include="..\include\cros_message.h">
      <Filter>Header Files</Filter>
    </ClInclude>
    <ClInclude Include="..\include\cros_message_internal.h">
      <Filter>Header Files</Filter>
    </ClInclude>
    <ClInclude Include="..\include\cros_message_queue.h">
      <Filter>Header Files</Filter>
    </ClInclude>
    <ClInclude Include="..\include\cros_node.h">
      <Filter>Header Files</Filter>
    </ClInclude>
    <ClInclude Include="..\include\cros_node_api.h">
      <Filter>Header Files</Filter>
    </ClInclude>
    <ClInclude Include="..\include\cros_service.h">
      <Filter>Header Files</Filter>
    </ClInclude>
    <ClInclude Include="..\include\cros_service_internal.h">
      <Filter>Header Files</Filter>
    </ClInclude>
    <ClInclude Include="..\include\cros_tcpros.h">
      <Filter>Header Files</Filter>
    </ClInclude>
    <ClInclude Include="..\include\dyn_buffer.h">
      <Filter>Header Files</Filter>
    </ClInclude>
    <ClInclude Include="..\include\dyn_string.h">
      <Filter>Header Files</Filter>
    </ClInclude>
    <ClInclude Include="..\include\md5.h">
      <Filter>Header Files</Filter>
    </ClInclude>
    <ClInclude Include="..\include\tcpip_socket.h">
      <Filter>Header Files</Filter>
    </ClInclude>
    <ClInclude Include="..\include\tcpros_process.h">
      <Filter>Header Files</Filter>
    </ClInclude>
    <ClInclude Include="..\include\tcpros_tags.h">
      <Filter>Header Files</Filter>
    </ClInclude>
    <ClInclude Include="..\include\xmlrpc_params.h">
      <Filter>Header Files</Filter>
    </ClInclude>
    <ClInclude Include="..\include\xmlrpc_params_vector.h">
      <Filter>Header Files</Filter>
    </ClInclude>
    <ClInclude Include="..\include\xmlrpc_process.h">
      <Filter>Header Files</Filter>
    </ClInclude>
    <ClInclude Include="..\include\xmlrpc_protocol.h">
      <Filter>Header Files</Filter>
    </ClInclude>
    <ClInclude Include="..\include\xmlrpc_tags.h">
      <Filter>Header Files</Filter>
    </ClInclude>
  </ItemGroup>
</Project>